
Microsoft Visual Studio Solution File, Format Version 12.00
# Visual Studio Version 16
VisualStudioVersion = 16.0.32126.315
MinimumVisualStudioVersion = 10.0.40219.1
Project("{FAE04EC0-301F-11D3-BF4B-00C04F79EFBC}") = "HD", "HD\HD.csproj", "{0230051C-298A-4412-BB5C-A87D1A3E2196}"
EndProject
Project("{FAE04EC0-301F-11D3-BF4B-00C04F79EFBC}") = "Entities", "Entities\Entities.csproj", "{A5A457A9-F634-4294-8A43-1320C0F8AE24}"
EndProject
Project("{FAE04EC0-301F-11D3-BF4B-00C04F79EFBC}") = "DataAccess", "DataAccess\DataAccess.csproj", "{4D662AF1-8090-46DD-9908-C492F29EE160}"
EndProject
Project("{FAE04EC0-301F-11D3-BF4B-00C04F79EFBC}") = "Business", "Business\Business.csproj", "{A574FA6D-6E36-418D-ADA4-7EEB5AAFD775}"
EndProject
Project("{FAE04EC0-301F-11D3-BF4B-00C04F79EFBC}") = "TDD", "TDD\TDD.csproj", "{CE21DAB7-8395-411F-A542-CF403F15E024}"
EndProject
Global
	GlobalSection(SolutionConfigurationPlatforms) = preSolution
		Debug|Any CPU = Debug|Any CPU
		Release|Any CPU = Release|Any CPU
	EndGlobalSection
	GlobalSection(ProjectConfigurationPlatforms) = postSolution
		{0230051C-298A-4412-BB5C-A87D1A3E2196}.Debug|Any CPU.ActiveCfg = Debug|Any CPU
		{0230051C-298A-4412-BB5C-A87D1A3E2196}.Debug|Any CPU.Build.0 = Debug|Any CPU
		{0230051C-298A-4412-BB5C-A87D1A3E2196}.Release|Any CPU.ActiveCfg = Release|Any CPU
		{0230051C-298A-4412-BB5C-A87D1A3E2196}.Release|Any CPU.Build.0 = Release|Any CPU
		{A5A457A9-F634-4294-8A43-1320C0F8AE24}.Debug|Any CPU.ActiveCfg = Debug|Any CPU
		{A5A457A9-F634-4294-8A43-1320C0F8AE24}.Debug|Any CPU.Build.0 = Debug|Any CPU
		{A5A457A9-F634-4294-8A43-1320C0F8AE24}.Release|Any CPU.ActiveCfg = Release|Any CPU
		{A5A457A9-F634-4294-8A43-1320C0F8AE24}.Release|Any CPU.Build.0 = Release|Any CPU
		{4D662AF1-8090-46DD-9908-C492F29EE160}.Debug|Any CPU.ActiveCfg = Debug|Any CPU
		{4D662AF1-8090-46DD-9908-C492F29EE160}.Debug|Any CPU.Build.0 = Debug|Any CPU
		{4D662AF1-8090-46DD-9908-C492F29EE160}.Release|Any CPU.ActiveCfg = Release|Any CPU
		{4D662AF1-8090-46DD-9908-C492F29EE160}.Release|Any CPU.Build.0 = Release|Any CPU
		{A574FA6D-6E36-418D-ADA4-7EEB5AAFD775}.Debug|Any CPU.ActiveCfg = Debug|Any CPU
		{A574FA6D-6E36-418D-ADA4-7EEB5AAFD775}.Debug|Any CPU.Build.0 = Debug|Any CPU
		{A574FA6D-6E36-418D-ADA4-7EEB5AAFD775}.Release|Any CPU.ActiveCfg = Release|Any CPU
		{A574FA6D-6E36-418D-ADA4-7EEB5AAFD775}.Release|Any CPU.Build.0 = Release|Any CPU
		{CE21DAB7-8395-411F-A542-CF403F15E024}.Debug|Any CPU.ActiveCfg = Debug|Any CPU
		{CE21DAB7-8395-411F-A542-CF403F15E024}.Debug|Any CPU.Build.0 = Debug|Any CPU
		{CE21DAB7-8395-411F-A542-CF403F15E024}.Release|Any CPU.ActiveCfg = Release|Any CPU
		{CE21DAB7-8395-411F-A542-CF403F15E024}.Release|Any CPU.Build.0 = Release|Any CPU
	EndGlobalSection
	GlobalSection(SolutionProperties) = preSolution
		HideSolutionNode = FALSE
	EndGlobalSection
	GlobalSection(ExtensibilityGlobals) = postSolution
		SolutionGuid = {6598F268-9EF9-4B47-81FE-85CC15DFD13C}
	EndGlobalSection
EndGlobal
